PODS:
  - SDKWithVungle/Vungle (1.0.0):
    - VungleSDK-iOS (= 5.4.0)
  - VungleSDK-iOS (5.4.0)

DEPENDENCIES:
  - SDKWithVungle/Vungle (from `../..`)

SPEC REPOS:
  https://github.com/CocoaPods/Specs.git:
    - VungleSDK-iOS

EXTERNAL SOURCES:
  SDKWithVungle:
    :path: "../.."

SPEC CHECKSUMS:
  SDKWithVungle: 4f5ca383eeb39092743b2521e6a7b4aee70c068b
  VungleSDK-iOS: bf5bb77eedc065e28c34d8613b027ef9cc3053c2

PODFILE CHECKSUM: b1e84dc6477835bd83adefa90723b924ba5192b6

COCOAPODS: 1.5.0.beta.1
